
Microsoft Visual Studio Solution File, Format Version 12.00
# Visual Studio Version 17
VisualStudioVersion = 17.4.33213.308
MinimumVisualStudioVersion = 10.0.40219.1
Project("{FAE04EC0-301F-11D3-BF4B-00C04F79EFBC}") = "Willow.Extensions.CacheAdapter.Abstractions", "Willow.Extensions.CacheAdapter.Abstractions\Willow.Extensions.CacheAdapter.Abstractions.csproj", "{11CC8899-9C13-49EA-876C-A506F4CCF43E}"
EndProject
Project("{FAE04EC0-301F-11D3-BF4B-00C04F79EFBC}") = "Willow.Extensions.DependentyInjection.Abstractions", "Willow.Extensions.DependentyInjection.Abstractions\Willow.Extensions.DependentyInjection.Abstractions.csproj", "{B37274E2-FE42-4AA2-B58B-145894DC13A9}"
EndProject
Project("{FAE04EC0-301F-11D3-BF4B-00C04F79EFBC}") = "Willow.Extensions.Events.Abstractions", "Willow.Extensions.Events.Abstractions\Willow.Extensions.Events.Abstractions.csproj", "{75F30C7A-CDC4-416E-BDAC-7B179FBEFDB2}"
EndProject
Project("{FAE04EC0-301F-11D3-BF4B-00C04F79EFBC}") = "Willow.Extensions.Logger.Abstractions", "Willow.Extensions.Logger.Abstractions\Willow.Extensions.Logger.Abstractions.csproj", "{8767CBA4-2E14-488C-BBDD-A7F1F597CE0A}"
EndProject
Project("{FAE04EC0-301F-11D3-BF4B-00C04F79EFBC}") = "Willow.Extensions.MessageBus.Abstractions", "Willow.Extensions.MessageBus.Abstractions\Willow.Extensions.MessageBus.Abstractions.csproj", "{B1F59523-758B-4862-9331-29D02991A645}"
EndProject
Project("{2150E333-8FDC-42A3-9474-1A3956D46DE8}") = "Solution Items", "Solution Items", "{4B475B2A-7185-46FF-9DBE-0F2AB770D582}"
	ProjectSection(SolutionItems) = preProject
		.editorconfig = .editorconfig
	EndProjectSection
EndProject
Project("{FAE04EC0-301F-11D3-BF4B-00C04F79EFBC}") = "Willow.Extensions.ObjectMappers.Abstractions", "Willow.Extensions.ObjectMappers.Abstractions\Willow.Extensions.ObjectMappers.Abstractions.csproj", "{6C2BC3AE-7C47-44CC-812E-B654EF4A5AB6}"
EndProject
Project("{FAE04EC0-301F-11D3-BF4B-00C04F79EFBC}") = "Willow.Extensions.Serializers.Abstractions", "Willow.Extensions.Serializers.Abstractions\Willow.Extensions.Serializers.Abstractions.csproj", "{A27218BA-494C-49CD-ACF3-4001C54E0D20}"
EndProject
Project("{FAE04EC0-301F-11D3-BF4B-00C04F79EFBC}") = "Willow.Extensions.Translations.Abstractions", "Willow.Extensions.Translations.Abstractions\Willow.Extensions.Translations.Abstractions.csproj", "{6E21EB8C-EC1F-48FF-B5A9-2E6D90D97168}"
EndProject
Project("{FAE04EC0-301F-11D3-BF4B-00C04F79EFBC}") = "Willow.Extensions.UsersManagement.Abstractions", "Willow.Extensions.UsersManagement.Abstractions\Willow.Extensions.UsersManagement.Abstractions.csproj", "{EA1F71E7-0DE3-4F89-A394-1948EB12321F}"
EndProject
Global
	GlobalSection(SolutionConfigurationPlatforms) = preSolution
		Debug|Any CPU = Debug|Any CPU
		Release|Any CPU = Release|Any CPU
	EndGlobalSection
	GlobalSection(ProjectConfigurationPlatforms) = postSolution
		{11CC8899-9C13-49EA-876C-A506F4CCF43E}.Debug|Any CPU.ActiveCfg = Debug|Any CPU
		{11CC8899-9C13-49EA-876C-A506F4CCF43E}.Debug|Any CPU.Build.0 = Debug|Any CPU
		{11CC8899-9C13-49EA-876C-A506F4CCF43E}.Release|Any CPU.ActiveCfg = Release|Any CPU
		{11CC8899-9C13-49EA-876C-A506F4CCF43E}.Release|Any CPU.Build.0 = Release|Any CPU
		{B37274E2-FE42-4AA2-B58B-145894DC13A9}.Debug|Any CPU.ActiveCfg = Debug|Any CPU
		{B37274E2-FE42-4AA2-B58B-145894DC13A9}.Debug|Any CPU.Build.0 = Debug|Any CPU
		{B37274E2-FE42-4AA2-B58B-145894DC13A9}.Release|Any CPU.ActiveCfg = Release|Any CPU
		{B37274E2-FE42-4AA2-B58B-145894DC13A9}.Release|Any CPU.Build.0 = Release|Any CPU
		{75F30C7A-CDC4-416E-BDAC-7B179FBEFDB2}.Debug|Any CPU.ActiveCfg = Debug|Any CPU
		{75F30C7A-CDC4-416E-BDAC-7B179FBEFDB2}.Debug|Any CPU.Build.0 = Debug|Any CPU
		{75F30C7A-CDC4-416E-BDAC-7B179FBEFDB2}.Release|Any CPU.ActiveCfg = Release|Any CPU
		{75F30C7A-CDC4-416E-BDAC-7B179FBEFDB2}.Release|Any CPU.Build.0 = Release|Any CPU
		{8767CBA4-2E14-488C-BBDD-A7F1F597CE0A}.Debug|Any CPU.ActiveCfg = Debug|Any CPU
		{8767CBA4-2E14-488C-BBDD-A7F1F597CE0A}.Debug|Any CPU.Build.0 = Debug|Any CPU
		{8767CBA4-2E14-488C-BBDD-A7F1F597CE0A}.Release|Any CPU.ActiveCfg = Release|Any CPU
		{8767CBA4-2E14-488C-BBDD-A7F1F597CE0A}.Release|Any CPU.Build.0 = Release|Any CPU
		{B1F59523-758B-4862-9331-29D02991A645}.Debug|Any CPU.ActiveCfg = Debug|Any CPU
		{B1F59523-758B-4862-9331-29D02991A645}.Debug|Any CPU.Build.0 = Debug|Any CPU
		{B1F59523-758B-4862-9331-29D02991A645}.Release|Any CPU.ActiveCfg = Release|Any CPU
		{B1F59523-758B-4862-9331-29D02991A645}.Release|Any CPU.Build.0 = Release|Any CPU
		{6C2BC3AE-7C47-44CC-812E-B654EF4A5AB6}.Debug|Any CPU.ActiveCfg = Debug|Any CPU
		{6C2BC3AE-7C47-44CC-812E-B654EF4A5AB6}.Debug|Any CPU.Build.0 = Debug|Any CPU
		{6C2BC3AE-7C47-44CC-812E-B654EF4A5AB6}.Release|Any CPU.ActiveCfg = Release|Any CPU
		{6C2BC3AE-7C47-44CC-812E-B654EF4A5AB6}.Release|Any CPU.Build.0 = Release|Any CPU
		{A27218BA-494C-49CD-ACF3-4001C54E0D20}.Debug|Any CPU.ActiveCfg = Debug|Any CPU
		{A27218BA-494C-49CD-ACF3-4001C54E0D20}.Debug|Any CPU.Build.0 = Debug|Any CPU
		{A27218BA-494C-49CD-ACF3-4001C54E0D20}.Release|Any CPU.ActiveCfg = Release|Any CPU
		{A27218BA-494C-49CD-ACF3-4001C54E0D20}.Release|Any CPU.Build.0 = Release|Any CPU
		{6E21EB8C-EC1F-48FF-B5A9-2E6D90D97168}.Debug|Any CPU.ActiveCfg = Debug|Any CPU
		{6E21EB8C-EC1F-48FF-B5A9-2E6D90D97168}.Debug|Any CPU.Build.0 = Debug|Any CPU
		{6E21EB8C-EC1F-48FF-B5A9-2E6D90D97168}.Release|Any CPU.ActiveCfg = Release|Any CPU
		{6E21EB8C-EC1F-48FF-B5A9-2E6D90D97168}.Release|Any CPU.Build.0 = Release|Any CPU
		{EA1F71E7-0DE3-4F89-A394-1948EB12321F}.Debug|Any CPU.ActiveCfg = Debug|Any CPU
		{EA1F71E7-0DE3-4F89-A394-1948EB12321F}.Debug|Any CPU.Build.0 = Debug|Any CPU
		{EA1F71E7-0DE3-4F89-A394-1948EB12321F}.Release|Any CPU.ActiveCfg = Release|Any CPU
		{EA1F71E7-0DE3-4F89-A394-1948EB12321F}.Release|Any CPU.Build.0 = Release|Any CPU
	EndGlobalSection
	GlobalSection(SolutionProperties) = preSolution
		HideSolutionNode = FALSE
	EndGlobalSection
	GlobalSection(ExtensibilityGlobals) = postSolution
		SolutionGuid = {DF84AA79-2310-40BF-B306-5EC4A588F421}
	EndGlobalSection
EndGlobal
